
Microsoft Visual Studio Solution File, Format Version 12.00
# Visual Studio Version 17
VisualStudioVersion = 17.11.35219.272
MinimumVisualStudioVersion = 10.0.40219.1
Project("{FAE04EC0-301F-11D3-BF4B-00C04F79EFBC}") = "BulkyWeb", "BulkyWeb.csproj", "{BE7371AA-914B-4398-8F03-0EF948C31326}"
EndProject
Global
	GlobalSection(SolutionConfigurationPlatforms) = preSolution
		Debug|Any CPU = Debug|Any CPU
		Release|Any CPU = Release|Any CPU
	EndGlobalSection
	GlobalSection(ProjectConfigurationPlatforms) = postSolution
		{BE7371AA-914B-4398-8F03-0EF948C31326}.Debug|Any CPU.ActiveCfg = Debug|Any CPU
		{BE7371AA-914B-4398-8F03-0EF948C31326}.Debug|Any CPU.Build.0 = Debug|Any CPU
		{BE7371AA-914B-4398-8F03-0EF948C31326}.Release|Any CPU.ActiveCfg = Release|Any CPU
		{BE7371AA-914B-4398-8F03-0EF948C31326}.Release|Any CPU.Build.0 = Release|Any CPU
	EndGlobalSection
	GlobalSection(SolutionProperties) = preSolution
		HideSolutionNode = FALSE
	EndGlobalSection
	GlobalSection(ExtensibilityGlobals) = postSolution
		SolutionGuid = {E6317017-D08F-448B-8C10-FAC06531B640}
	EndGlobalSection
EndGlobal
